// !$*UTF8*$!
{
	archiveVersion = 1;
	classes = {
	};
	objectVersion = 55;
	objects = {

/* Begin PBXBuildFile section */
		F4447B7F28D4EF1300CA5A00 /* RatingControl.swift in Sources */ = {isa = PBXBuildFile; fileRef = F4447B7E28D4EF1200CA5A00 /* RatingControl.swift */; };
		F44C0A5E28C39F8600F34EFA /* AppDelegate.swift in Sources */ = {isa = PBXBuildFile; fileRef = F44C0A5D28C39F8600F34EFA /* AppDelegate.swift */; };
		F44C0A6028C39F8600F34EFA /* SceneDelegate.swift in Sources */ = {isa = PBXBuildFile; fileRef = F44C0A5F28C39F8600F34EFA /* SceneDelegate.swift */; };
		F44C0A6528C39F8600F34EFA /* Main.storyboard in Resources */ = {isa = PBXBuildFile; fileRef = F44C0A6328C39F8600F34EFA /* Main.storyboard */; };
		F44C0A6728C39F8900F34EFA /* Assets.xcassets in Resources */ = {isa = PBXBuildFile; fileRef = F44C0A6628C39F8900F34EFA /* Assets.xcassets */; };
		F44C0A6A28C39F8900F34EFA /* LaunchScreen.storyboard in Resources */ = {isa = PBXBuildFile; fileRef = F44C0A6828C39F8900F34EFA /* LaunchScreen.storyboard */; };
		F44C0A7628C3A05B00F34EFA /* MainViewController.swift in Sources */ = {isa = PBXBuildFile; fileRef = F44C0A7528C3A05B00F34EFA /* MainViewController.swift */; };
		F44C0A7928C50AE200F34EFA /* CustomTableViewCell.swift in Sources */ = {isa = PBXBuildFile; fileRef = F44C0A7828C50AE200F34EFA /* CustomTableViewCell.swift */; };
		F44C0A7C28C512E900F34EFA /* PlaceModel.swift in Sources */ = {isa = PBXBuildFile; fileRef = F44C0A7B28C512E900F34EFA /* PlaceModel.swift */; };
		F478AA6628D708CD00BDFF62 /* MapViewController.swift in Sources */ = {isa = PBXBuildFile; fileRef = F478AA6528D708CD00BDFF62 /* MapViewController.swift */; };
		F4D2702628C8D44A003EC1A6 /* StorageManager.swift in Sources */ = {isa = PBXBuildFile; fileRef = F4D2702528C8D44A003EC1A6 /* StorageManager.swift */; };
		F4E1D98328D0E99200DFD1D0 /* Realm in Frameworks */ = {isa = PBXBuildFile; productRef = F4E1D98228D0E99200DFD1D0 /* Realm */; };
		F4E1D98528D0E99500DFD1D0 /* RealmSwift in Frameworks */ = {isa = PBXBuildFile; productRef = F4E1D98428D0E99500DFD1D0 /* RealmSwift */; };
		F4FCE24828C76AC900BFE72E /* NewPlaceViewController.swift in Sources */ = {isa = PBXBuildFile; fileRef = F4FCE24728C76AC900BFE72E /* NewPlaceViewController.swift */; };
/* End PBXBuildFile section */

/* Begin PBXFileReference section */
		F4447B7E28D4EF1200CA5A00 /* RatingControl.swift */ = {isa = PBXFileReference; lastKnownFileType = sourcecode.swift; path = RatingControl.swift; sourceTree = "<group>"; };
		F44C0A5A28C39F8600F34EFA /* MyPlaces.app */ = {isa = PBXFileReference; explicitFileType = wrapper.application; includeInIndex = 0; path = MyPlaces.app; sourceTree = BUILT_PRODUCTS_DIR; };
		F44C0A5D28C39F8600F34EFA /* AppDelegate.swift */ = {isa = PBXFileReference; lastKnownFileType = sourcecode.swift; path = AppDelegate.swift; sourceTree = "<group>"; };
		F44C0A5F28C39F8600F34EFA /* SceneDelegate.swift */ = {isa = PBXFileReference; lastKnownFileType = sourcecode.swift; path = SceneDelegate.swift; sourceTree = "<group>"; };
		F44C0A6428C39F8600F34EFA /* Base */ = {isa = PBXFileReference; lastKnownFileType = file.storyboard; name = Base; path = Base.lproj/Main.storyboard; sourceTree = "<group>"; };
		F44C0A6628C39F8900F34EFA /* Assets.xcassets */ = {isa = PBXFileReference; lastKnownFileType = folder.assetcatalog; path = Assets.xcassets; sourceTree = "<group>"; };
		F44C0A6928C39F8900F34EFA /* Base */ = {isa = PBXFileReference; lastKnownFileType = file.storyboard; name = Base; path = Base.lproj/LaunchScreen.storyboard; sourceTree = "<group>"; };
		F44C0A6B28C39F8900F34EFA /* Info.plist */ = {isa = PBXFileReference; lastKnownFileType = text.plist.xml; path = Info.plist; sourceTree = "<group>"; };
		F44C0A7528C3A05B00F34EFA /* MainViewController.swift */ = {isa = PBXFileReference; lastKnownFileType = sourcecode.swift; path = MainViewController.swift; sourceTree = "<group>"; };
		F44C0A7828C50AE200F34EFA /* CustomTableViewCell.swift */ = {isa = PBXFileReference; lastKnownFileType = sourcecode.swift; path = CustomTableViewCell.swift; sourceTree = "<group>"; };
		F44C0A7B28C512E900F34EFA /* PlaceModel.swift */ = {isa = PBXFileReference; lastKnownFileType = sourcecode.swift; path = PlaceModel.swift; sourceTree = "<group>"; };
		F478AA6528D708CD00BDFF62 /* MapViewController.swift */ = {isa = PBXFileReference; lastKnownFileType = sourcecode.swift; path = MapViewController.swift; sourceTree = "<group>"; };
		F4D2702528C8D44A003EC1A6 /* StorageManager.swift */ = {isa = PBXFileReference; lastKnownFileType = sourcecode.swift; path = StorageManager.swift; sourceTree = "<group>"; };
		F4FCE24728C76AC900BFE72E /* NewPlaceViewController.swift */ = {isa = PBXFileReference; lastKnownFileType = sourcecode.swift; path = NewPlaceViewController.swift; sourceTree = "<group>"; };
/* End PBXFileReference section */

/* Begin PBXFrameworksBuildPhase section */
		F44C0A5728C39F8600F34EFA /* Frameworks */ = {
			isa = PBXFrameworksBuildPhase;
			buildActionMask = 2147483647;
			files = (
				F4E1D98528D0E99500DFD1D0 /* RealmSwift in Frameworks */,
				F4E1D98328D0E99200DFD1D0 /* Realm in Frameworks */,
			);
			runOnlyForDeploymentPostprocessing = 0;
		};
/* End PBXFrameworksBuildPhase section */

/* Begin PBXGroup section */
		F44C0A5128C39F8600F34EFA = {
			isa = PBXGroup;
			children = (
				F44C0A5C28C39F8600F34EFA /* MyPlaces */,
				F44C0A5B28C39F8600F34EFA /* Products */,
				F4E1D98128D0E99200DFD1D0 /* Frameworks */,
			);
			sourceTree = "<group>";
		};
		F44C0A5B28C39F8600F34EFA /* Products */ = {
			isa = PBXGroup;
			children = (
				F44C0A5A28C39F8600F34EFA /* MyPlaces.app */,
			);
			name = Products;
			sourceTree = "<group>";
		};
		F44C0A5C28C39F8600F34EFA /* MyPlaces */ = {
			isa = PBXGroup;
			children = (
				F4D2702428C8D43B003EC1A6 /* Services */,
				F44C0A7428C3A03500F34EFA /* ViewControllers */,
				F44C0A7A28C512D400F34EFA /* Models */,
				F44C0A7128C39FCD00F34EFA /* App */,
				F44C0A7228C39FE700F34EFA /* Storyboards */,
				F44C0A7328C39FEF00F34EFA /* Resources */,
			);
			path = MyPlaces;
			sourceTree = "<group>";
		};
		F44C0A7128C39FCD00F34EFA /* App */ = {
			isa = PBXGroup;
			children = (
				F44C0A5D28C39F8600F34EFA /* AppDelegate.swift */,
				F44C0A5F28C39F8600F34EFA /* SceneDelegate.swift */,
				F44C0A6B28C39F8900F34EFA /* Info.plist */,
			);
			path = App;
			sourceTree = "<group>";
		};
		F44C0A7228C39FE700F34EFA /* Storyboards */ = {
			isa = PBXGroup;
			children = (
				F44C0A6328C39F8600F34EFA /* Main.storyboard */,
				F44C0A6828C39F8900F34EFA /* LaunchScreen.storyboard */,
			);
			path = Storyboards;
			sourceTree = "<group>";
		};
		F44C0A7328C39FEF00F34EFA /* Resources */ = {
			isa = PBXGroup;
			children = (
				F44C0A6628C39F8900F34EFA /* Assets.xcassets */,
			);
			path = Resources;
			sourceTree = "<group>";
		};
		F44C0A7428C3A03500F34EFA /* ViewControllers */ = {
			isa = PBXGroup;
			children = (
				F44C0A7728C50AC500F34EFA /* Cells */,
				F44C0A7528C3A05B00F34EFA /* MainViewController.swift */,
				F4FCE24728C76AC900BFE72E /* NewPlaceViewController.swift */,
				F4447B7E28D4EF1200CA5A00 /* RatingControl.swift */,
				F478AA6528D708CD00BDFF62 /* MapViewController.swift */,
			);
			path = ViewControllers;
			sourceTree = "<group>";
		};
		F44C0A7728C50AC500F34EFA /* Cells */ = {
			isa = PBXGroup;
			children = (
				F44C0A7828C50AE200F34EFA /* CustomTableViewCell.swift */,
			);
			path = Cells;
			sourceTree = "<group>";
		};
		F44C0A7A28C512D400F34EFA /* Models */ = {
			isa = PBXGroup;
			children = (
				F44C0A7B28C512E900F34EFA /* PlaceModel.swift */,
			);
			path = Models;
			sourceTree = "<group>";
		};
		F4D2702428C8D43B003EC1A6 /* Services */ = {
			isa = PBXGroup;
			children = (
				F4D2702528C8D44A003EC1A6 /* StorageManager.swift */,
			);
			path = Services;
			sourceTree = "<group>";
		};
		F4E1D98128D0E99200DFD1D0 /* Frameworks */ = {
			isa = PBXGroup;
			children = (
			);
			name = Frameworks;
			sourceTree = "<group>";
		};
/* End PBXGroup section */

/* Begin PBXNativeTarget section */
		F44C0A5928C39F8600F34EFA /* MyPlaces */ = {
			isa = PBXNativeTarget;
			buildConfigurationList = F44C0A6E28C39F8900F34EFA /* Build configuration list for PBXNativeTarget "MyPlaces" */;
			buildPhases = (
				F44C0A5628C39F8600F34EFA /* Sources */,
				F44C0A5728C39F8600F34EFA /* Frameworks */,
				F44C0A5828C39F8600F34EFA /* Resources */,
			);
			buildRules = (
			);
			dependencies = (
			);
			name = MyPlaces;
			packageProductDependencies = (
				F4E1D98228D0E99200DFD1D0 /* Realm */,
				F4E1D98428D0E99500DFD1D0 /* RealmSwift */,
			);
			productName = MyPlaces;
			productReference = F44C0A5A28C39F8600F34EFA /* MyPlaces.app */;
			productType = "com.apple.product-type.application";
		};
/* End PBXNativeTarget section */

/* Begin PBXProject section */
		F44C0A5228C39F8600F34EFA /* Project object */ = {
			isa = PBXProject;
			attributes = {
				BuildIndependentTargetsInParallel = 1;
				LastSwiftUpdateCheck = 1340;
				LastUpgradeCheck = 1340;
				TargetAttributes = {
					F44C0A5928C39F8600F34EFA = {
						CreatedOnToolsVersion = 13.4.1;
					};
				};
			};
			buildConfigurationList = F44C0A5528C39F8600F34EFA /* Build configuration list for PBXProject "MyPlaces" */;
			compatibilityVersion = "Xcode 13.0";
			developmentRegion = en;
			hasScannedForEncodings = 0;
			knownRegions = (
				en,
				Base,
			);
			mainGroup = F44C0A5128C39F8600F34EFA;
			packageReferences = (
				F4FCE24928C7CAAA00BFE72E /* XCRemoteSwiftPackageReference "realm-swift" */,
			);
			productRefGroup = F44C0A5B28C39F8600F34EFA /* Products */;
			projectDirPath = "";
			projectRoot = "";
			targets = (
				F44C0A5928C39F8600F34EFA /* MyPlaces */,
			);
		};
/* End PBXProject section */

/* Begin PBXResourcesBuildPhase section */
		F44C0A5828C39F8600F34EFA /* Resources */ = {
			isa = PBXResourcesBuildPhase;
			buildActionMask = 2147483647;
			files = (
				F44C0A6A28C39F8900F34EFA /* LaunchScreen.storyboard in Resources */,
				F44C0A6728C39F8900F34EFA /* Assets.xcassets in Resources */,
				F44C0A6528C39F8600F34EFA /* Main.storyboard in Resources */,
			);
			runOnlyForDeploymentPostprocessing = 0;
		};
/* End PBXResourcesBuildPhase section */

/* Begin PBXSourcesBuildPhase section */
		F44C0A5628C39F8600F34EFA /* Sources */ = {
			isa = PBXSourcesBuildPhase;
			buildActionMask = 2147483647;
			files = (
				F44C0A5E28C39F8600F34EFA /* AppDelegate.swift in Sources */,
				F4FCE24828C76AC900BFE72E /* NewPlaceViewController.swift in Sources */,
				F44C0A7628C3A05B00F34EFA /* MainViewController.swift in Sources */,
				F4D2702628C8D44A003EC1A6 /* StorageManager.swift in Sources */,
				F478AA6628D708CD00BDFF62 /* MapViewController.swift in Sources */,
				F4447B7F28D4EF1300CA5A00 /* RatingControl.swift in Sources */,
				F44C0A7C28C512E900F34EFA /* PlaceModel.swift in Sources */,
				F44C0A7928C50AE200F34EFA /* CustomTableViewCell.swift in Sources */,
				F44C0A6028C39F8600F34EFA /* SceneDelegate.swift in Sources */,
			);
			runOnlyForDeploymentPostprocessing = 0;
		};
/* End PBXSourcesBuildPhase section */

/* Begin PBXVariantGroup section */
		F44C0A6328C39F8600F34EFA /* Main.storyboard */ = {
			isa = PBXVariantGroup;
			children = (
				F44C0A6428C39F8600F34EFA /* Base */,
			);
			name = Main.storyboard;
			sourceTree = "<group>";
		};
		F44C0A6828C39F8900F34EFA /* LaunchScreen.storyboard */ = {
			isa = PBXVariantGroup;
			children = (
				F44C0A6928C39F8900F34EFA /* Base */,
			);
			name = LaunchScreen.storyboard;
			sourceTree = "<group>";
		};
/* End PBXVariantGroup section */

/* Begin XCBuildConfiguration section */
		F44C0A6C28C39F8900F34EFA /* Debug */ = {
			isa = XCBuildConfiguration;
			buildSettings = {
				ALWAYS_SEARCH_USER_PATHS = NO;
				CLANG_ANALYZER_NONNULL = YES;
				CLANG_ANALYZER_NUMBER_OBJECT_CONVERSION = YES_AGGRESSIVE;
				CLANG_CXX_LANGUAGE_STANDARD = "gnu++17";
				CLANG_ENABLE_MODULES = YES;
				CLANG_ENABLE_OBJC_ARC = YES;
				CLANG_ENABLE_OBJC_WEAK = YES;
				CLANG_WARN_BLOCK_CAPTURE_AUTORELEASING = YES;
				CLANG_WARN_BOOL_CONVERSION = YES;
				CLANG_WARN_COMMA = YES;
				CLANG_WARN_CONSTANT_CONVERSION = YES;
				CLANG_WARN_DEPRECATED_OBJC_IMPLEMENTATIONS = YES;
				CLANG_WARN_DIRECT_OBJC_ISA_USAGE = YES_ERROR;
				CLANG_WARN_DOCUMENTATION_COMMENTS = YES;
				CLANG_WARN_EMPTY_BODY = YES;
				CLANG_WARN_ENUM_CONVERSION = YES;
				CLANG_WARN_INFINITE_RECURSION = YES;
				CLANG_WARN_INT_CONVERSION = YES;
				CLANG_WARN_NON_LITERAL_NULL_CONVERSION = YES;
				CLANG_WARN_OBJC_IMPLICIT_RETAIN_SELF = YES;
				CLANG_WARN_OBJC_LITERAL_CONVERSION = YES;
				CLANG_WARN_OBJC_ROOT_CLASS = YES_ERROR;
				CLANG_WARN_QUOTED_INCLUDE_IN_FRAMEWORK_HEADER = YES;
				CLANG_WARN_RANGE_LOOP_ANALYSIS = YES;
				CLANG_WARN_STRICT_PROTOTYPES = YES;
				CLANG_WARN_SUSPICIOUS_MOVE = YES;
				CLANG_WARN_UNGUARDED_AVAILABILITY = YES_AGGRESSIVE;
				CLANG_WARN_UNREACHABLE_CODE = YES;
				CLANG_WARN__DUPLICATE_METHOD_MATCH = YES;
				COPY_PHASE_STRIP = NO;
				DEBUG_INFORMATION_FORMAT = dwarf;
				ENABLE_STRICT_OBJC_MSGSEND = YES;
				ENABLE_TESTABILITY = YES;
				GCC_C_LANGUAGE_STANDARD = gnu11;
				GCC_DYNAMIC_NO_PIC = NO;
				GCC_NO_COMMON_BLOCKS = YES;
				GCC_OPTIMIZATION_LEVEL = 0;
				GCC_PREPROCESSOR_DEFINITIONS = (
					"DEBUG=1",
					"$(inherited)",
				);
				GCC_WARN_64_TO_32_BIT_CONVERSION = YES;
				GCC_WARN_ABOUT_RETURN_TYPE = YES_ERROR;
				GCC_WARN_UNDECLARED_SELECTOR = YES;
				GCC_WARN_UNINITIALIZED_AUTOS = YES_AGGRESSIVE;
				GCC_WARN_UNUSED_FUNCTION = YES;
				GCC_WARN_UNUSED_VARIABLE = YES;
				IPHONEOS_DEPLOYMENT_TARGET = 15.5;
				MTL_ENABLE_DEBUG_INFO = INCLUDE_SOURCE;
				MTL_FAST_MATH = YES;
				ONLY_ACTIVE_ARCH = YES;
				SDKROOT = iphoneos;
				SWIFT_ACTIVE_COMPILATION_CONDITIONS = DEBUG;
				SWIFT_OPTIMIZATION_LEVEL = "-Onone";
			};
			name = Debug;
		};
		F44C0A6D28C39F8900F34EFA /* Release */ = {
			isa = XCBuildConfiguration;
			buildSettings = {
				ALWAYS_SEARCH_USER_PATHS = NO;
				CLANG_ANALYZER_NONNULL = YES;
				CLANG_ANALYZER_NUMBER_OBJECT_CONVERSION = YES_AGGRESSIVE;
				CLANG_CXX_LANGUAGE_STANDARD = "gnu++17";
				CLANG_ENABLE_MODULES = YES;
				CLANG_ENABLE_OBJC_ARC = YES;
				CLANG_ENABLE_OBJC_WEAK = YES;
				CLANG_WARN_BLOCK_CAPTURE_AUTORELEASING = YES;
				CLANG_WARN_BOOL_CONVERSION = YES;
				CLANG_WARN_COMMA = YES;
				CLANG_WARN_CONSTANT_CONVERSION = YES;
				CLANG_WARN_DEPRECATED_OBJC_IMPLEMENTATIONS = YES;
				CLANG_WARN_DIRECT_OBJC_ISA_USAGE = YES_ERROR;
				CLANG_WARN_DOCUMENTATION_COMMENTS = YES;
				CLANG_WARN_EMPTY_BODY = YES;
				CLANG_WARN_ENUM_CONVERSION = YES;
				CLANG_WARN_INFINITE_RECURSION = YES;
				CLANG_WARN_INT_CONVERSION = YES;
				CLANG_WARN_NON_LITERAL_NULL_CONVERSION = YES;
				CLANG_WARN_OBJC_IMPLICIT_RETAIN_SELF = YES;
				CLANG_WARN_OBJC_LITERAL_CONVERSION = YES;
				CLANG_WARN_OBJC_ROOT_CLASS = YES_ERROR;
				CLANG_WARN_QUOTED_INCLUDE_IN_FRAMEWORK_HEADER = YES;
				CLANG_WARN_RANGE_LOOP_ANALYSIS = YES;
				CLANG_WARN_STRICT_PROTOTYPES = YES;
				CLANG_WARN_SUSPICIOUS_MOVE = YES;
				CLANG_WARN_UNGUARDED_AVAILABILITY = YES_AGGRESSIVE;
				CLANG_WARN_UNREACHABLE_CODE = YES;
				CLANG_WARN__DUPLICATE_METHOD_MATCH = YES;
				COPY_PHASE_STRIP = NO;
				DEBUG_INFORMATION_FORMAT = "dwarf-with-dsym";
				ENABLE_NS_ASSERTIONS = NO;
				ENABLE_STRICT_OBJC_MSGSEND = YES;
				GCC_C_LANGUAGE_STANDARD = gnu11;
				GCC_NO_COMMON_BLOCKS = YES;
				GCC_WARN_64_TO_32_BIT_CONVERSION = YES;
				GCC_WARN_ABOUT_RETURN_TYPE = YES_ERROR;
				GCC_WARN_UNDECLARED_SELECTOR = YES;
				GCC_WARN_UNINITIALIZED_AUTOS = YES_AGGRESSIVE;
				GCC_WARN_UNUSED_FUNCTION = YES;
				GCC_WARN_UNUSED_VARIABLE = YES;
				IPHONEOS_DEPLOYMENT_TARGET = 15.5;
				MTL_ENABLE_DEBUG_INFO = NO;
				MTL_FAST_MATH = YES;
				SDKROOT = iphoneos;
				SWIFT_COMPILATION_MODE = wholemodule;
				SWIFT_OPTIMIZATION_LEVEL = "-O";
				VALIDATE_PRODUCT = YES;
			};
			name = Release;
		};
		F44C0A6F28C39F8900F34EFA /* Debug */ = {
			isa = XCBuildConfiguration;
			buildSettings = {
				ASSETCATALOG_COMPILER_APPICON_NAME = AppIcon;
				ASSETCATALOG_COMPILER_GLOBAL_ACCENT_COLOR_NAME = AccentColor;
				CODE_SIGN_STYLE = Automatic;
				CURRENT_PROJECT_VERSION = 1;
				DEVELOPMENT_TEAM = 5QX49B9H53;
				GENERATE_INFOPLIST_FILE = YES;
				INFOPLIST_FILE = MyPlaces/App/Info.plist;
				INFOPLIST_KEY_UIApplicationSupportsIndirectInputEvents = YES;
				INFOPLIST_KEY_UILaunchStoryboardName = LaunchScreen;
				INFOPLIST_KEY_UIMainStoryboardFile = Main;
				INFOPLIST_KEY_UISupportedInterfaceOrientations_iPad = "UIInterfaceOrientationPortrait UIInterfaceOrientationPortraitUpsideDown UIInterfaceOrientationLandscapeLeft UIInterfaceOrientationLandscapeRight";
				INFOPLIST_KEY_UISupportedInterfaceOrientations_iPhone = "UIInterfaceOrientationPortrait UIInterfaceOrientationLandscapeLeft UIInterfaceOrientationLandscapeRight";
				IPHONEOS_DEPLOYMENT_TARGET = 15.5;
				LD_RUNPATH_SEARCH_PATHS = (
					"$(inherited)",
					"@executable_path/Frameworks",
				);
				MARKETING_VERSION = 1.0;
				PRODUCT_BUNDLE_IDENTIFIER = com.durovCompany.MyPlaces;
				PRODUCT_NAME = "$(TARGET_NAME)";
				SWIFT_EMIT_LOC_STRINGS = YES;
				SWIFT_VERSION = 5.0;
				TARGETED_DEVICE_FAMILY = 1;
			};
			name = Debug;
		};
		F44C0A7028C39F8900F34EFA /* Release */ = {
			isa = XCBuildConfiguration;
			buildSettings = {
				ASSETCATALOG_COMPILER_APPICON_NAME = AppIcon;
				ASSETCATALOG_COMPILER_GLOBAL_ACCENT_COLOR_NAME = AccentColor;
				CODE_SIGN_STYLE = Automatic;
				CURRENT_PROJECT_VERSION = 1;
				DEVELOPMENT_TEAM = 5QX49B9H53;
				GENERATE_INFOPLIST_FILE = YES;
				INFOPLIST_FILE = MyPlaces/App/Info.plist;
				INFOPLIST_KEY_UIApplicationSupportsIndirectInputEvents = YES;
				INFOPLIST_KEY_UILaunchStoryboardName = LaunchScreen;
				INFOPLIST_KEY_UIMainStoryboardFile = Main;
				INFOPLIST_KEY_UISupportedInterfaceOrientations_iPad = "UIInterfaceOrientationPortrait UIInterfaceOrientationPortraitUpsideDown UIInterfaceOrientationLandscapeLeft UIInterfaceOrientationLandscapeRight";
				INFOPLIST_KEY_UISupportedInterfaceOrientations_iPhone = "UIInterfaceOrientationPortrait UIInterfaceOrientationLandscapeLeft UIInterfaceOrientationLandscapeRight";
				IPHONEOS_DEPLOYMENT_TARGET = 15.5;
				LD_RUNPATH_SEARCH_PATHS = (
					"$(inherited)",
					"@executable_path/Frameworks",
				);
				MARKETING_VERSION = 1.0;
				PRODUCT_BUNDLE_IDENTIFIER = com.durovCompany.MyPlaces;
				PRODUCT_NAME = "$(TARGET_NAME)";
				SWIFT_EMIT_LOC_STRINGS = YES;
				SWIFT_VERSION = 5.0;
				TARGETED_DEVICE_FAMILY = 1;
			};
			name = Release;
		};
/* End XCBuildConfiguration section */

/* Begin XCConfigurationList section */
		F44C0A5528C39F8600F34EFA /* Build configuration list for PBXProject "MyPlaces" */ = {
			isa = XCConfigurationList;
			buildConfigurations = (
				F44C0A6C28C39F8900F34EFA /* Debug */,
				F44C0A6D28C39F8900F34EFA /* Release */,
			);
			defaultConfigurationIsVisible = 0;
			defaultConfigurationName = Release;
		};
		F44C0A6E28C39F8900F34EFA /* Build configuration list for PBXNativeTarget "MyPlaces" */ = {
			isa = XCConfigurationList;
			buildConfigurations = (
				F44C0A6F28C39F8900F34EFA /* Debug */,
				F44C0A7028C39F8900F34EFA /* Release */,
			);
			defaultConfigurationIsVisible = 0;
			defaultConfigurationName = Release;
		};
/* End XCConfigurationList section */

/* Begin XCRemoteSwiftPackageReference section */
		F4FCE24928C7CAAA00BFE72E /* XCRemoteSwiftPackageReference "realm-swift" */ = {
			isa = XCRemoteSwiftPackageReference;
			repositoryURL = "https://github.com/realm/realm-swift.git";
			requirement = {
				branch = master;
				kind = branch;
			};
		};
/* End XCRemoteSwiftPackageReference section */

/* Begin XCSwiftPackageProductDependency section */
		F4E1D98228D0E99200DFD1D0 /* Realm */ = {
			isa = XCSwiftPackageProductDependency;
			package = F4FCE24928C7CAAA00BFE72E /* XCRemoteSwiftPackageReference "realm-swift" */;
			productName = Realm;
		};
		F4E1D98428D0E99500DFD1D0 /* RealmSwift */ = {
			isa = XCSwiftPackageProductDependency;
			package = F4FCE24928C7CAAA00BFE72E /* XCRemoteSwiftPackageReference "realm-swift" */;
			productName = RealmSwift;
		};
/* End XCSwiftPackageProductDependency section */
	};
	rootObject = F44C0A5228C39F8600F34EFA /* Project object */;
}
